// !$*UTF8*$!
{
	archiveVersion = 1;
	classes = {
	};
	objectVersion = 46;
	objects = {

/* Begin PBXBuildFile section */
		365E821D1D67766000AA9140 /* AppDelegate.swift in Sources */ = {isa = PBXBuildFile; fileRef = 365E821C1D67766000AA9140 /* AppDelegate.swift */; };
		365E821F1D67766000AA9140 /* ViewController.swift in Sources */ = {isa = PBXBuildFile; fileRef = 365E821E1D67766000AA9140 /* ViewController.swift */; };
		365E82211D67766000AA9140 /* Assets.xcassets in Resources */ = {isa = PBXBuildFile; fileRef = 365E82201D67766000AA9140 /* Assets.xcassets */; };
		365E82241D67766000AA9140 /* Main.storyboard in Resources */ = {isa = PBXBuildFile; fileRef = 365E82221D67766000AA9140 /* Main.storyboard */; };
		365E82321D67768B00AA9140 /* Cocoa.framework in Frameworks */ = {isa = PBXBuildFile; fileRef = 365E82311D67768B00AA9140 /* Cocoa.framework */; };
		365E82371D67768B00AA9140 /* SourceEditorExtension.swift in Sources */ = {isa = PBXBuildFile; fileRef = 365E82361D67768B00AA9140 /* SourceEditorExtension.swift */; };
		365E82391D67768B00AA9140 /* SourceEditorCommand.swift in Sources */ = {isa = PBXBuildFile; fileRef = 365E82381D67768B00AA9140 /* SourceEditorCommand.swift */; };
		365E823D1D67768B00AA9140 /* Formatter.appex in Embed App Extensions */ = {isa = PBXBuildFile; fileRef = 365E822F1D67768B00AA9140 /* Formatter.appex */; settings = {ATTRIBUTES = (RemoveHeadersOnCopy, ); }; };
/* End PBXBuildFile section */

/* Begin PBXContainerItemProxy section */
		365E823B1D67768B00AA9140 /* PBXContainerItemProxy */ = {
			isa = PBXContainerItemProxy;
			containerPortal = 365E82111D67766000AA9140 /* Project object */;
			proxyType = 1;
			remoteGlobalIDString = 365E822E1D67768B00AA9140;
			remoteInfo = Formatter;
		};
/* End PBXContainerItemProxy section */

/* Begin PBXCopyFilesBuildPhase section */
		365E82411D67768B00AA9140 /* Embed App Extensions */ = {
			isa = PBXCopyFilesBuildPhase;
			buildActionMask = 2147483647;
			dstPath = "";
			dstSubfolderSpec = 13;
			files = (
				365E823D1D67768B00AA9140 /* Formatter.appex in Embed App Extensions */,
			);
			name = "Embed App Extensions";
			runOnlyForDeploymentPostprocessing = 0;
		};
/* End PBXCopyFilesBuildPhase section */

/* Begin PBXFileReference section */
		365E82191D67766000AA9140 /* CodeFormatter.app */ = {isa = PBXFileReference; explicitFileType = wrapper.application; includeInIndex = 0; path = CodeFormatter.app; sourceTree = BUILT_PRODUCTS_DIR; };
		365E821C1D67766000AA9140 /* AppDelegate.swift */ = {isa = PBXFileReference; lastKnownFileType = sourcecode.swift; path = AppDelegate.swift; sourceTree = "<group>"; };
		365E821E1D67766000AA9140 /* ViewController.swift */ = {isa = PBXFileReference; lastKnownFileType = sourcecode.swift; path = ViewController.swift; sourceTree = "<group>"; };
		365E82201D67766000AA9140 /* Assets.xcassets */ = {isa = PBXFileReference; lastKnownFileType = folder.assetcatalog; path = Assets.xcassets; sourceTree = "<group>"; };
		365E82231D67766000AA9140 /* Base */ = {isa = PBXFileReference; lastKnownFileType = file.storyboard; name = Base; path = Base.lproj/Main.storyboard; sourceTree = "<group>"; };
		365E82251D67766000AA9140 /* Info.plist */ = {isa = PBXFileReference; lastKnownFileType = text.plist.xml; path = Info.plist; sourceTree = "<group>"; };
		365E822F1D67768B00AA9140 /* Formatter.appex */ = {isa = PBXFileReference; explicitFileType = "wrapper.app-extension"; includeInIndex = 0; path = Formatter.appex; sourceTree = BUILT_PRODUCTS_DIR; };
		365E82311D67768B00AA9140 /* Cocoa.framework */ = {isa = PBXFileReference; lastKnownFileType = wrapper.framework; name = Cocoa.framework; path = System/Library/Frameworks/Cocoa.framework; sourceTree = SDKROOT; };
		365E82351D67768B00AA9140 /* Formatter.entitlements */ = {isa = PBXFileReference; lastKnownFileType = text.plist.entitlements; path = Formatter.entitlements; sourceTree = "<group>"; };
		365E82361D67768B00AA9140 /* SourceEditorExtension.swift */ = {isa = PBXFileReference; lastKnownFileType = sourcecode.swift; path = SourceEditorExtension.swift; sourceTree = "<group>"; };
		365E82381D67768B00AA9140 /* SourceEditorCommand.swift */ = {isa = PBXFileReference; lastKnownFileType = sourcecode.swift; path = SourceEditorCommand.swift; sourceTree = "<group>"; };
		365E823A1D67768B00AA9140 /* Info.plist */ = {isa = PBXFileReference; lastKnownFileType = text.plist.xml; path = Info.plist; sourceTree = "<group>"; };
/* End PBXFileReference section */

/* Begin PBXFrameworksBuildPhase section */
		365E82161D67766000AA9140 /* Frameworks */ = {
			isa = PBXFrameworksBuildPhase;
			buildActionMask = 2147483647;
			files = (
			);
			runOnlyForDeploymentPostprocessing = 0;
		};
		365E822C1D67768B00AA9140 /* Frameworks */ = {
			isa = PBXFrameworksBuildPhase;
			buildActionMask = 2147483647;
			files = (
				365E82321D67768B00AA9140 /* Cocoa.framework in Frameworks */,
			);
			runOnlyForDeploymentPostprocessing = 0;
		};
/* End PBXFrameworksBuildPhase section */

/* Begin PBXGroup section */
		365E82101D67766000AA9140 = {
			isa = PBXGroup;
			children = (
				365E821B1D67766000AA9140 /* CodeFormatter */,
				365E82331D67768B00AA9140 /* Formatter */,
				365E82301D67768B00AA9140 /* Frameworks */,
				365E821A1D67766000AA9140 /* Products */,
			);
			sourceTree = "<group>";
		};
		365E821A1D67766000AA9140 /* Products */ = {
			isa = PBXGroup;
			children = (
				365E82191D67766000AA9140 /* CodeFormatter.app */,
				365E822F1D67768B00AA9140 /* Formatter.appex */,
			);
			name = Products;
			sourceTree = "<group>";
		};
		365E821B1D67766000AA9140 /* CodeFormatter */ = {
			isa = PBXGroup;
			children = (
				365E821C1D67766000AA9140 /* AppDelegate.swift */,
				365E821E1D67766000AA9140 /* ViewController.swift */,
				365E82201D67766000AA9140 /* Assets.xcassets */,
				365E82221D67766000AA9140 /* Main.storyboard */,
				365E82251D67766000AA9140 /* Info.plist */,
			);
			path = CodeFormatter;
			sourceTree = "<group>";
		};
		365E82301D67768B00AA9140 /* Frameworks */ = {
			isa = PBXGroup;
			children = (
				365E82311D67768B00AA9140 /* Cocoa.framework */,
			);
			name = Frameworks;
			sourceTree = "<group>";
		};
		365E82331D67768B00AA9140 /* Formatter */ = {
			isa = PBXGroup;
			children = (
				365E82361D67768B00AA9140 /* SourceEditorExtension.swift */,
				365E82381D67768B00AA9140 /* SourceEditorCommand.swift */,
				365E823A1D67768B00AA9140 /* Info.plist */,
				365E82341D67768B00AA9140 /* Supporting Files */,
			);
			path = Formatter;
			sourceTree = "<group>";
		};
		365E82341D67768B00AA9140 /* Supporting Files */ = {
			isa = PBXGroup;
			children = (
				365E82351D67768B00AA9140 /* Formatter.entitlements */,
			);
			name = "Supporting Files";
			sourceTree = "<group>";
		};
/* End PBXGroup section */

/* Begin PBXNativeTarget section */
		365E82181D67766000AA9140 /* CodeFormatter */ = {
			isa = PBXNativeTarget;
			buildConfigurationList = 365E82281D67766000AA9140 /* Build configuration list for PBXNativeTarget "CodeFormatter" */;
			buildPhases = (
				365E82151D67766000AA9140 /* Sources */,
				365E82161D67766000AA9140 /* Frameworks */,
				365E82171D67766000AA9140 /* Resources */,
				365E82411D67768B00AA9140 /* Embed App Extensions */,
			);
			buildRules = (
			);
			dependencies = (
				365E823C1D67768B00AA9140 /* PBXTargetDependency */,
			);
			name = CodeFormatter;
			productName = CodeFormatter;
			productReference = 365E82191D67766000AA9140 /* CodeFormatter.app */;
			productType = "com.apple.product-type.application";
		};
		365E822E1D67768B00AA9140 /* Formatter */ = {
			isa = PBXNativeTarget;
			buildConfigurationList = 365E823E1D67768B00AA9140 /* Build configuration list for PBXNativeTarget "Formatter" */;
			buildPhases = (
				365E822B1D67768B00AA9140 /* Sources */,
				365E822C1D67768B00AA9140 /* Frameworks */,
				365E822D1D67768B00AA9140 /* Resources */,
			);
			buildRules = (
			);
			dependencies = (
			);
			name = Formatter;
			productName = Formatter;
			productReference = 365E822F1D67768B00AA9140 /* Formatter.appex */;
			productType = "com.apple.product-type.xcode-extension";
		};
/* End PBXNativeTarget section */

/* Begin PBXProject section */
		365E82111D67766000AA9140 /* Project object */ = {
			isa = PBXProject;
			attributes = {
				LastSwiftUpdateCheck = 0800;
				LastUpgradeCheck = 0800;
				ORGANIZATIONNAME = AppLovin;
				TargetAttributes = {
					365E82181D67766000AA9140 = {
						CreatedOnToolsVersion = 8.0;
						DevelopmentTeam = X8JXXK4FF5;
						DevelopmentTeamName = "AppLovin Corporation";
						ProvisioningStyle = Automatic;
					};
					365E822E1D67768B00AA9140 = {
						CreatedOnToolsVersion = 8.0;
						DevelopmentTeam = X8JXXK4FF5;
						DevelopmentTeamName = "AppLovin Corporation";
						ProvisioningStyle = Automatic;
					};
				};
			};
			buildConfigurationList = 365E82141D67766000AA9140 /* Build configuration list for PBXProject "CodeFormatter" */;
			compatibilityVersion = "Xcode 3.2";
			developmentRegion = English;
			hasScannedForEncodings = 0;
			knownRegions = (
				en,
				Base,
			);
			mainGroup = 365E82101D67766000AA9140;
			productRefGroup = 365E821A1D67766000AA9140 /* Products */;
			projectDirPath = "";
			projectRoot = "";
			targets = (
				365E82181D67766000AA9140 /* CodeFormatter */,
				365E822E1D67768B00AA9140 /* Formatter */,
			);
		};
/* End PBXProject section */

/* Begin PBXResourcesBuildPhase section */
		365E82171D67766000AA9140 /* Resources */ = {
			isa = PBXResourcesBuildPhase;
			buildActionMask = 2147483647;
			files = (
				365E82211D67766000AA9140 /* Assets.xcassets in Resources */,
				365E82241D67766000AA9140 /* Main.storyboard in Resources */,
			);
			runOnlyForDeploymentPostprocessing = 0;
		};
		365E822D1D67768B00AA9140 /* Resources */ = {
			isa = PBXResourcesBuildPhase;
			buildActionMask = 2147483647;
			files = (
			);
			runOnlyForDeploymentPostprocessing = 0;
		};
/* End PBXResourcesBuildPhase section */

/* Begin PBXSourcesBuildPhase section */
		365E82151D67766000AA9140 /* Sources */ = {
			isa = PBXSourcesBuildPhase;
			buildActionMask = 2147483647;
			files = (
				365E821F1D67766000AA9140 /* ViewController.swift in Sources */,
				365E821D1D67766000AA9140 /* AppDelegate.swift in Sources */,
			);
			runOnlyForDeploymentPostprocessing = 0;
		};
		365E822B1D67768B00AA9140 /* Sources */ = {
			isa = PBXSourcesBuildPhase;
			buildActionMask = 2147483647;
			files = (
				365E82371D67768B00AA9140 /* SourceEditorExtension.swift in Sources */,
				365E82391D67768B00AA9140 /* SourceEditorCommand.swift in Sources */,
			);
			runOnlyForDeploymentPostprocessing = 0;
		};
/* End PBXSourcesBuildPhase section */

/* Begin PBXTargetDependency section */
		365E823C1D67768B00AA9140 /* PBXTargetDependency */ = {
			isa = PBXTargetDependency;
			target = 365E822E1D67768B00AA9140 /* Formatter */;
			targetProxy = 365E823B1D67768B00AA9140 /* PBXContainerItemProxy */;
		};
/* End PBXTargetDependency section */

/* Begin PBXVariantGroup section */
		365E82221D67766000AA9140 /* Main.storyboard */ = {
			isa = PBXVariantGroup;
			children = (
				365E82231D67766000AA9140 /* Base */,
			);
			name = Main.storyboard;
			sourceTree = "<group>";
		};
/* End PBXVariantGroup section */

/* Begin XCBuildConfiguration section */
		365E82261D67766000AA9140 /* Debug */ = {
			isa = XCBuildConfiguration;
			buildSettings = {
				ALWAYS_SEARCH_USER_PATHS = NO;
				CLANG_ANALYZER_NONNULL = YES;
				CLANG_CXX_LANGUAGE_STANDARD = "gnu++0x";
				CLANG_CXX_LIBRARY = "libc++";
				CLANG_ENABLE_MODULES = YES;
				CLANG_ENABLE_OBJC_ARC = YES;
				CLANG_WARN_BOOL_CONVERSION = YES;
				CLANG_WARN_CONSTANT_CONVERSION = YES;
				CLANG_WARN_DIRECT_OBJC_ISA_USAGE = YES_ERROR;
				CLANG_WARN_DOCUMENTATION_COMMENTS = YES;
				CLANG_WARN_EMPTY_BODY = YES;
				CLANG_WARN_ENUM_CONVERSION = YES;
				CLANG_WARN_INT_CONVERSION = YES;
				CLANG_WARN_OBJC_ROOT_CLASS = YES_ERROR;
				CLANG_WARN_UNREACHABLE_CODE = YES;
				CLANG_WARN__DUPLICATE_METHOD_MATCH = YES;
				CODE_SIGN_IDENTITY = "-";
				COPY_PHASE_STRIP = NO;
				DEBUG_INFORMATION_FORMAT = dwarf;
				ENABLE_STRICT_OBJC_MSGSEND = YES;
				ENABLE_TESTABILITY = YES;
				GCC_C_LANGUAGE_STANDARD = gnu99;
				GCC_DYNAMIC_NO_PIC = NO;
				GCC_NO_COMMON_BLOCKS = YES;
				GCC_OPTIMIZATION_LEVEL = 0;
				GCC_PREPROCESSOR_DEFINITIONS = (
					"DEBUG=1",
					"$(inherited)",
				);
				GCC_WARN_64_TO_32_BIT_CONVERSION = YES;
				GCC_WARN_ABOUT_RETURN_TYPE = YES_ERROR;
				GCC_WARN_UNDECLARED_SELECTOR = YES;
				GCC_WARN_UNINITIALIZED_AUTOS = YES_AGGRESSIVE;
				GCC_WARN_UNUSED_FUNCTION = YES;
				GCC_WARN_UNUSED_VARIABLE = YES;
				MACOSX_DEPLOYMENT_TARGET = 10.11;
				MTL_ENABLE_DEBUG_INFO = YES;
				ONLY_ACTIVE_ARCH = YES;
				SDKROOT = macosx;
				SWIFT_ACTIVE_COMPILATION_CONDITIONS = DEBUG;
				SWIFT_OPTIMIZATION_LEVEL = "-Onone";
			};
			name = Debug;
		};
		365E82271D67766000AA9140 /* Release */ = {
			isa = XCBuildConfiguration;
			buildSettings = {
				ALWAYS_SEARCH_USER_PATHS = NO;
				CLANG_ANALYZER_NONNULL = YES;
				CLANG_CXX_LANGUAGE_STANDARD = "gnu++0x";
				CLANG_CXX_LIBRARY = "libc++";
				CLANG_ENABLE_MODULES = YES;
				CLANG_ENABLE_OBJC_ARC = YES;
				CLANG_WARN_BOOL_CONVERSION = YES;
				CLANG_WARN_CONSTANT_CONVERSION = YES;
				CLANG_WARN_DIRECT_OBJC_ISA_USAGE = YES_ERROR;
				CLANG_WARN_DOCUMENTATION_COMMENTS = YES;
				CLANG_WARN_EMPTY_BODY = YES;
				CLANG_WARN_ENUM_CONVERSION = YES;
				CLANG_WARN_INT_CONVERSION = YES;
				CLANG_WARN_OBJC_ROOT_CLASS = YES_ERROR;
				CLANG_WARN_UNREACHABLE_CODE = YES;
				CLANG_WARN__DUPLICATE_METHOD_MATCH = YES;
				CODE_SIGN_IDENTITY = "-";
				COPY_PHASE_STRIP = NO;
				DEBUG_INFORMATION_FORMAT = "dwarf-with-dsym";
				ENABLE_NS_ASSERTIONS = NO;
				ENABLE_STRICT_OBJC_MSGSEND = YES;
				GCC_C_LANGUAGE_STANDARD = gnu99;
				GCC_NO_COMMON_BLOCKS = YES;
				GCC_WARN_64_TO_32_BIT_CONVERSION = YES;
				GCC_WARN_ABOUT_RETURN_TYPE = YES_ERROR;
				GCC_WARN_UNDECLARED_SELECTOR = YES;
				GCC_WARN_UNINITIALIZED_AUTOS = YES_AGGRESSIVE;
				GCC_WARN_UNUSED_FUNCTION = YES;
				GCC_WARN_UNUSED_VARIABLE = YES;
				MACOSX_DEPLOYMENT_TARGET = 10.11;
				MTL_ENABLE_DEBUG_INFO = NO;
				SDKROOT = macosx;
				SWIFT_OPTIMIZATION_LEVEL = "-Owholemodule";
			};
			name = Release;
		};
		365E82291D67766000AA9140 /* Debug */ = {
			isa = XCBuildConfiguration;
			buildSettings = {
				ALWAYS_EMBED_SWIFT_STANDARD_LIBRARIES = YES;
				ASSETCATALOG_COMPILER_APPICON_NAME = AppIcon;
				COMBINE_HIDPI_IMAGES = YES;
				INFOPLIST_FILE = CodeFormatter/Info.plist;
				LD_RUNPATH_SEARCH_PATHS = "$(inherited) @executable_path/../Frameworks";
				PRODUCT_BUNDLE_IDENTIFIER = com.AppLovin.JustinLee.CodeFormatter;
				PRODUCT_NAME = "$(TARGET_NAME)";
				SWIFT_VERSION = 3.0;
			};
			name = Debug;
		};
		365E822A1D67766000AA9140 /* Release */ = {
			isa = XCBuildConfiguration;
			buildSettings = {
				ALWAYS_EMBED_SWIFT_STANDARD_LIBRARIES = YES;
				ASSETCATALOG_COMPILER_APPICON_NAME = AppIcon;
				COMBINE_HIDPI_IMAGES = YES;
				INFOPLIST_FILE = CodeFormatter/Info.plist;
				LD_RUNPATH_SEARCH_PATHS = "$(inherited) @executable_path/../Frameworks";
				PRODUCT_BUNDLE_IDENTIFIER = com.AppLovin.JustinLee.CodeFormatter;
				PRODUCT_NAME = "$(TARGET_NAME)";
				SWIFT_VERSION = 3.0;
			};
			name = Release;
		};
		365E823F1D67768B00AA9140 /* Debug */ = {
			isa = XCBuildConfiguration;
			buildSettings = {
				CODE_SIGN_ENTITLEMENTS = Formatter/Formatter.entitlements;
				COMBINE_HIDPI_IMAGES = YES;
				INFOPLIST_FILE = Formatter/Info.plist;
				LD_RUNPATH_SEARCH_PATHS = "$(inherited) @executable_path/../Frameworks @executable_path/../../../../Frameworks";
				MACOSX_DEPLOYMENT_TARGET = 10.11;
				PRODUCT_BUNDLE_IDENTIFIER = com.AppLovin.JustinLee.CodeFormatter.Formatter;
				PRODUCT_NAME = "$(TARGET_NAME)";
				SKIP_INSTALL = YES;
				SWIFT_VERSION = 3.0;
			};
			name = Debug;
		};
		365E82401D67768B00AA9140 /* Release */ = {
			isa = XCBuildConfiguration;
			buildSettings = {
				CODE_SIGN_ENTITLEMENTS = Formatter/Formatter.entitlements;
				COMBINE_HIDPI_IMAGES = YES;
				INFOPLIST_FILE = Formatter/Info.plist;
				LD_RUNPATH_SEARCH_PATHS = "$(inherited) @executable_path/../Frameworks @executable_path/../../../../Frameworks";
				MACOSX_DEPLOYMENT_TARGET = 10.11;
				PRODUCT_BUNDLE_IDENTIFIER = com.AppLovin.JustinLee.CodeFormatter.Formatter;
				PRODUCT_NAME = "$(TARGET_NAME)";
				SKIP_INSTALL = YES;
				SWIFT_VERSION = 3.0;
			};
			name = Release;
		};
/* End XCBuildConfiguration section */

/* Begin XCConfigurationList section */
		365E82141D67766000AA9140 /* Build configuration list for PBXProject "CodeFormatter" */ = {
			isa = XCConfigurationList;
			buildConfigurations = (
				365E82261D67766000AA9140 /* Debug */,
				365E82271D67766000AA9140 /* Release */,
			);
			defaultConfigurationIsVisible = 0;
			defaultConfigurationName = Release;
		};
		365E82281D67766000AA9140 /* Build configuration list for PBXNativeTarget "CodeFormatter" */ = {
			isa = XCConfigurationList;
			buildConfigurations = (
				365E82291D67766000AA9140 /* Debug */,
				365E822A1D67766000AA9140 /* Release */,
			);
			defaultConfigurationIsVisible = 0;
		};
		365E823E1D67768B00AA9140 /* Build configuration list for PBXNativeTarget "Formatter" */ = {
			isa = XCConfigurationList;
			buildConfigurations = (
				365E823F1D67768B00AA9140 /* Debug */,
				365E82401D67768B00AA9140 /* Release */,
			);
			defaultConfigurationIsVisible = 0;
		};
/* End XCConfigurationList section */
	};
	rootObject = 365E82111D67766000AA9140 /* Project object */;
}
